
Microsoft Visual Studio Solution File, Format Version 12.00
# Visual Studio Version 16
VisualStudioVersion = 16.0.30011.22
MinimumVisualStudioVersion = 10.0.40219.1
Project("{FAE04EC0-301F-11D3-BF4B-00C04F79EFBC}") = "BotG", "BotG\BotG.csproj", "{b1d16a06-3e96-4496-88f8-ad277438de8a}"
EndProject
Project("{FAE04EC0-301F-11D3-BF4B-00C04F79EFBC}") = "Harness", "Harness\Harness.csproj", "{b6f93465-8f0c-4b8e-8a44-6f2b9a7dc2ad}"
EndProject
Global
	GlobalSection(SolutionConfigurationPlatforms) = preSolution
		Debug|Any CPU = Debug|Any CPU
		Release|Any CPU = Release|Any CPU
	EndGlobalSection
	GlobalSection(ProjectConfigurationPlatforms) = postSolution
		{b1d16a06-3e96-4496-88f8-ad277438de8a}.Debug|Any CPU.ActiveCfg = Debug|Any CPU
		{b1d16a06-3e96-4496-88f8-ad277438de8a}.Debug|Any CPU.Build.0 = Debug|Any CPU
		{b1d16a06-3e96-4496-88f8-ad277438de8a}.Release|Any CPU.ActiveCfg = Release|Any CPU
		{b1d16a06-3e96-4496-88f8-ad277438de8a}.Release|Any CPU.Build.0 = Release|Any CPU
		{b6f93465-8f0c-4b8e-8a44-6f2b9a7dc2ad}.Debug|Any CPU.ActiveCfg = Debug|Any CPU
		{b6f93465-8f0c-4b8e-8a44-6f2b9a7dc2ad}.Debug|Any CPU.Build.0 = Debug|Any CPU
		{b6f93465-8f0c-4b8e-8a44-6f2b9a7dc2ad}.Release|Any CPU.ActiveCfg = Release|Any CPU
		{b6f93465-8f0c-4b8e-8a44-6f2b9a7dc2ad}.Release|Any CPU.Build.0 = Release|Any CPU
	EndGlobalSection
	GlobalSection(SolutionProperties) = preSolution
		HideSolutionNode = FALSE
	EndGlobalSection
EndGlobal
