
Microsoft Visual Studio Solution File, Format Version 12.00
# Visual Studio Version 16
VisualStudioVersion = 16.0.30011.22
MinimumVisualStudioVersion = 10.0.40219.1
Project("{FAE04EC0-301F-11D3-BF4B-00C04F79EFBC}") = "BotG", "BotG\BotG.csproj", "{B1D16A06-3E96-4496-88F8-AD277438DE8A}"
EndProject
Project("{FAE04EC0-301F-11D3-BF4B-00C04F79EFBC}") = "BotG.Tests", "Tests\BotG.Tests.csproj", "{A0F4DD6B-0B7A-4D24-A0C7-4B8D5C3709E8}"
EndProject
Project("{FAE04EC0-301F-11D3-BF4B-00C04F79EFBC}") = "ReconstructClosedTrades", "Tools\ReconstructClosedTrades\ReconstructClosedTrades.csproj", "{9F1A2D25-0F69-4E33-8BF1-9A6B5F2D8C77}"
EndProject
Project("{FAE04EC0-301F-11D3-BF4B-00C04F79EFBC}") = "Harness", "Harness\Harness.csproj", "{B6F93465-8F0C-4B8E-8A44-6F2B9A7DC2AD}"
EndProject
Project("{2150E333-8FDC-42A3-9474-1A3956D46DE8}") = "AnalysisModule", "AnalysisModule", "{D9E8FC5B-5214-F720-4225-617BB04E4897}"
EndProject
Project("{2150E333-8FDC-42A3-9474-1A3956D46DE8}") = "Preprocessor", "Preprocessor", "{AD90C54F-F407-B68B-D894-11ECC14012A7}"
EndProject
Project("{FAE04EC0-301F-11D3-BF4B-00C04F79EFBC}") = "AnalysisModule.Preprocessor", "AnalysisModule\Preprocessor\AnalysisModule.Preprocessor.csproj", "{DA010ACA-CF1E-4E51-8056-7D93085AFE48}"
EndProject
Project("{2150E333-8FDC-42A3-9474-1A3956D46DE8}") = "Preprocessor.Tests", "Preprocessor.Tests", "{8F4B8388-E30E-3975-7425-14DD2F77ECD4}"
EndProject
Project("{FAE04EC0-301F-11D3-BF4B-00C04F79EFBC}") = "AnalysisModule.Preprocessor.Tests", "AnalysisModule\Preprocessor.Tests\AnalysisModule.Preprocessor.Tests.csproj", "{E3655886-6FB2-4F7B-A3F6-F69975396177}"
EndProject
Project("{FAE04EC0-301F-11D3-BF4B-00C04F79EFBC}") = "BotG.Host", "BotG.Host\BotG.Host.csproj", "{315D1C0D-DFEB-4A6E-939E-54AD646C21C1}"
EndProject
Global
	GlobalSection(SolutionConfigurationPlatforms) = preSolution
		Debug|Any CPU = Debug|Any CPU
		Debug|x64 = Debug|x64
		Debug|x86 = Debug|x86
		Release|Any CPU = Release|Any CPU
		Release|x64 = Release|x64
		Release|x86 = Release|x86
	EndGlobalSection
	GlobalSection(ProjectConfigurationPlatforms) = postSolution
		{B1D16A06-3E96-4496-88F8-AD277438DE8A}.Debug|Any CPU.ActiveCfg = Debug|Any CPU
		{B1D16A06-3E96-4496-88F8-AD277438DE8A}.Debug|Any CPU.Build.0 = Debug|Any CPU
		{B1D16A06-3E96-4496-88F8-AD277438DE8A}.Debug|x64.ActiveCfg = Debug|Any CPU
		{B1D16A06-3E96-4496-88F8-AD277438DE8A}.Debug|x64.Build.0 = Debug|Any CPU
		{B1D16A06-3E96-4496-88F8-AD277438DE8A}.Debug|x86.ActiveCfg = Debug|Any CPU
		{B1D16A06-3E96-4496-88F8-AD277438DE8A}.Debug|x86.Build.0 = Debug|Any CPU
		{B1D16A06-3E96-4496-88F8-AD277438DE8A}.Release|Any CPU.ActiveCfg = Release|Any CPU
		{B1D16A06-3E96-4496-88F8-AD277438DE8A}.Release|Any CPU.Build.0 = Release|Any CPU
		{B1D16A06-3E96-4496-88F8-AD277438DE8A}.Release|x64.ActiveCfg = Release|Any CPU
		{B1D16A06-3E96-4496-88F8-AD277438DE8A}.Release|x64.Build.0 = Release|Any CPU
		{B1D16A06-3E96-4496-88F8-AD277438DE8A}.Release|x86.ActiveCfg = Release|Any CPU
		{B1D16A06-3E96-4496-88F8-AD277438DE8A}.Release|x86.Build.0 = Release|Any CPU
		{A0F4DD6B-0B7A-4D24-A0C7-4B8D5C3709E8}.Debug|Any CPU.ActiveCfg = Debug|Any CPU
		{A0F4DD6B-0B7A-4D24-A0C7-4B8D5C3709E8}.Debug|Any CPU.Build.0 = Debug|Any CPU
		{A0F4DD6B-0B7A-4D24-A0C7-4B8D5C3709E8}.Debug|x64.ActiveCfg = Debug|Any CPU
		{A0F4DD6B-0B7A-4D24-A0C7-4B8D5C3709E8}.Debug|x64.Build.0 = Debug|Any CPU
		{A0F4DD6B-0B7A-4D24-A0C7-4B8D5C3709E8}.Debug|x86.ActiveCfg = Debug|Any CPU
		{A0F4DD6B-0B7A-4D24-A0C7-4B8D5C3709E8}.Debug|x86.Build.0 = Debug|Any CPU
		{A0F4DD6B-0B7A-4D24-A0C7-4B8D5C3709E8}.Release|Any CPU.ActiveCfg = Release|Any CPU
		{A0F4DD6B-0B7A-4D24-A0C7-4B8D5C3709E8}.Release|Any CPU.Build.0 = Release|Any CPU
		{A0F4DD6B-0B7A-4D24-A0C7-4B8D5C3709E8}.Release|x64.ActiveCfg = Release|Any CPU
		{A0F4DD6B-0B7A-4D24-A0C7-4B8D5C3709E8}.Release|x64.Build.0 = Release|Any CPU
		{A0F4DD6B-0B7A-4D24-A0C7-4B8D5C3709E8}.Release|x86.ActiveCfg = Release|Any CPU
		{A0F4DD6B-0B7A-4D24-A0C7-4B8D5C3709E8}.Release|x86.Build.0 = Release|Any CPU
		{9F1A2D25-0F69-4E33-8BF1-9A6B5F2D8C77}.Debug|Any CPU.ActiveCfg = Debug|Any CPU
		{9F1A2D25-0F69-4E33-8BF1-9A6B5F2D8C77}.Debug|Any CPU.Build.0 = Debug|Any CPU
		{9F1A2D25-0F69-4E33-8BF1-9A6B5F2D8C77}.Debug|x64.ActiveCfg = Debug|Any CPU
		{9F1A2D25-0F69-4E33-8BF1-9A6B5F2D8C77}.Debug|x64.Build.0 = Debug|Any CPU
		{9F1A2D25-0F69-4E33-8BF1-9A6B5F2D8C77}.Debug|x86.ActiveCfg = Debug|Any CPU
		{9F1A2D25-0F69-4E33-8BF1-9A6B5F2D8C77}.Debug|x86.Build.0 = Debug|Any CPU
		{9F1A2D25-0F69-4E33-8BF1-9A6B5F2D8C77}.Release|Any CPU.ActiveCfg = Release|Any CPU
		{9F1A2D25-0F69-4E33-8BF1-9A6B5F2D8C77}.Release|Any CPU.Build.0 = Release|Any CPU
		{9F1A2D25-0F69-4E33-8BF1-9A6B5F2D8C77}.Release|x64.ActiveCfg = Release|Any CPU
		{9F1A2D25-0F69-4E33-8BF1-9A6B5F2D8C77}.Release|x64.Build.0 = Release|Any CPU
		{9F1A2D25-0F69-4E33-8BF1-9A6B5F2D8C77}.Release|x86.ActiveCfg = Release|Any CPU
		{9F1A2D25-0F69-4E33-8BF1-9A6B5F2D8C77}.Release|x86.Build.0 = Release|Any CPU
		{B6F93465-8F0C-4B8E-8A44-6F2B9A7DC2AD}.Debug|Any CPU.ActiveCfg = Debug|Any CPU
		{B6F93465-8F0C-4B8E-8A44-6F2B9A7DC2AD}.Debug|Any CPU.Build.0 = Debug|Any CPU
		{B6F93465-8F0C-4B8E-8A44-6F2B9A7DC2AD}.Debug|x64.ActiveCfg = Debug|Any CPU
		{B6F93465-8F0C-4B8E-8A44-6F2B9A7DC2AD}.Debug|x64.Build.0 = Debug|Any CPU
		{B6F93465-8F0C-4B8E-8A44-6F2B9A7DC2AD}.Debug|x86.ActiveCfg = Debug|Any CPU
		{B6F93465-8F0C-4B8E-8A44-6F2B9A7DC2AD}.Debug|x86.Build.0 = Debug|Any CPU
		{B6F93465-8F0C-4B8E-8A44-6F2B9A7DC2AD}.Release|Any CPU.ActiveCfg = Release|Any CPU
		{B6F93465-8F0C-4B8E-8A44-6F2B9A7DC2AD}.Release|Any CPU.Build.0 = Release|Any CPU
		{B6F93465-8F0C-4B8E-8A44-6F2B9A7DC2AD}.Release|x64.ActiveCfg = Release|Any CPU
		{B6F93465-8F0C-4B8E-8A44-6F2B9A7DC2AD}.Release|x64.Build.0 = Release|Any CPU
		{B6F93465-8F0C-4B8E-8A44-6F2B9A7DC2AD}.Release|x86.ActiveCfg = Release|Any CPU
		{B6F93465-8F0C-4B8E-8A44-6F2B9A7DC2AD}.Release|x86.Build.0 = Release|Any CPU
		{DA010ACA-CF1E-4E51-8056-7D93085AFE48}.Debug|Any CPU.ActiveCfg = Debug|Any CPU
		{DA010ACA-CF1E-4E51-8056-7D93085AFE48}.Debug|Any CPU.Build.0 = Debug|Any CPU
		{DA010ACA-CF1E-4E51-8056-7D93085AFE48}.Debug|x64.ActiveCfg = Debug|Any CPU
		{DA010ACA-CF1E-4E51-8056-7D93085AFE48}.Debug|x64.Build.0 = Debug|Any CPU
		{DA010ACA-CF1E-4E51-8056-7D93085AFE48}.Debug|x86.ActiveCfg = Debug|Any CPU
		{DA010ACA-CF1E-4E51-8056-7D93085AFE48}.Debug|x86.Build.0 = Debug|Any CPU
		{DA010ACA-CF1E-4E51-8056-7D93085AFE48}.Release|Any CPU.ActiveCfg = Release|Any CPU
		{DA010ACA-CF1E-4E51-8056-7D93085AFE48}.Release|Any CPU.Build.0 = Release|Any CPU
		{DA010ACA-CF1E-4E51-8056-7D93085AFE48}.Release|x64.ActiveCfg = Release|Any CPU
		{DA010ACA-CF1E-4E51-8056-7D93085AFE48}.Release|x64.Build.0 = Release|Any CPU
		{DA010ACA-CF1E-4E51-8056-7D93085AFE48}.Release|x86.ActiveCfg = Release|Any CPU
		{DA010ACA-CF1E-4E51-8056-7D93085AFE48}.Release|x86.Build.0 = Release|Any CPU
		{E3655886-6FB2-4F7B-A3F6-F69975396177}.Debug|Any CPU.ActiveCfg = Debug|Any CPU
		{E3655886-6FB2-4F7B-A3F6-F69975396177}.Debug|Any CPU.Build.0 = Debug|Any CPU
		{E3655886-6FB2-4F7B-A3F6-F69975396177}.Debug|x64.ActiveCfg = Debug|Any CPU
		{E3655886-6FB2-4F7B-A3F6-F69975396177}.Debug|x64.Build.0 = Debug|Any CPU
		{E3655886-6FB2-4F7B-A3F6-F69975396177}.Debug|x86.ActiveCfg = Debug|Any CPU
		{E3655886-6FB2-4F7B-A3F6-F69975396177}.Debug|x86.Build.0 = Debug|Any CPU
		{E3655886-6FB2-4F7B-A3F6-F69975396177}.Release|Any CPU.ActiveCfg = Release|Any CPU
		{E3655886-6FB2-4F7B-A3F6-F69975396177}.Release|Any CPU.Build.0 = Release|Any CPU
		{E3655886-6FB2-4F7B-A3F6-F69975396177}.Release|x64.ActiveCfg = Release|Any CPU
		{E3655886-6FB2-4F7B-A3F6-F69975396177}.Release|x64.Build.0 = Release|Any CPU
		{E3655886-6FB2-4F7B-A3F6-F69975396177}.Release|x86.ActiveCfg = Release|Any CPU
		{E3655886-6FB2-4F7B-A3F6-F69975396177}.Release|x86.Build.0 = Release|Any CPU
		{315D1C0D-DFEB-4A6E-939E-54AD646C21C1}.Debug|Any CPU.ActiveCfg = Debug|Any CPU
		{315D1C0D-DFEB-4A6E-939E-54AD646C21C1}.Debug|Any CPU.Build.0 = Debug|Any CPU
		{315D1C0D-DFEB-4A6E-939E-54AD646C21C1}.Debug|x64.ActiveCfg = Debug|Any CPU
		{315D1C0D-DFEB-4A6E-939E-54AD646C21C1}.Debug|x64.Build.0 = Debug|Any CPU
		{315D1C0D-DFEB-4A6E-939E-54AD646C21C1}.Debug|x86.ActiveCfg = Debug|Any CPU
		{315D1C0D-DFEB-4A6E-939E-54AD646C21C1}.Debug|x86.Build.0 = Debug|Any CPU
		{315D1C0D-DFEB-4A6E-939E-54AD646C21C1}.Release|Any CPU.ActiveCfg = Release|Any CPU
		{315D1C0D-DFEB-4A6E-939E-54AD646C21C1}.Release|Any CPU.Build.0 = Release|Any CPU
		{315D1C0D-DFEB-4A6E-939E-54AD646C21C1}.Release|x64.ActiveCfg = Release|Any CPU
		{315D1C0D-DFEB-4A6E-939E-54AD646C21C1}.Release|x64.Build.0 = Release|Any CPU
		{315D1C0D-DFEB-4A6E-939E-54AD646C21C1}.Release|x86.ActiveCfg = Release|Any CPU
		{315D1C0D-DFEB-4A6E-939E-54AD646C21C1}.Release|x86.Build.0 = Release|Any CPU
	EndGlobalSection
	GlobalSection(SolutionProperties) = preSolution
		HideSolutionNode = FALSE
	EndGlobalSection
	GlobalSection(NestedProjects) = preSolution
		{AD90C54F-F407-B68B-D894-11ECC14012A7} = {D9E8FC5B-5214-F720-4225-617BB04E4897}
		{DA010ACA-CF1E-4E51-8056-7D93085AFE48} = {AD90C54F-F407-B68B-D894-11ECC14012A7}
		{8F4B8388-E30E-3975-7425-14DD2F77ECD4} = {D9E8FC5B-5214-F720-4225-617BB04E4897}
		{E3655886-6FB2-4F7B-A3F6-F69975396177} = {8F4B8388-E30E-3975-7425-14DD2F77ECD4}
	EndGlobalSection
EndGlobal
